
Microsoft Visual Studio Solution File, Format Version 12.00
# Visual Studio Version 16
VisualStudioVersion = 16.0.31515.178
MinimumVisualStudioVersion = 10.0.40219.1
Project("{FAE04EC0-301F-11D3-BF4B-00C04F79EFBC}") = "Aula119-121Exercicios", "Aula119-121Exercicios.csproj", "{324E6D2A-E7C0-416F-B017-D2122A524A12}"
EndProject
Global
	GlobalSection(SolutionConfigurationPlatforms) = preSolution
		Debug|Any CPU = Debug|Any CPU
		Release|Any CPU = Release|Any CPU
	EndGlobalSection
	GlobalSection(ProjectConfigurationPlatforms) = postSolution
		{324E6D2A-E7C0-416F-B017-D2122A524A12}.Debug|Any CPU.ActiveCfg = Debug|Any CPU
		{324E6D2A-E7C0-416F-B017-D2122A524A12}.Debug|Any CPU.Build.0 = Debug|Any CPU
		{324E6D2A-E7C0-416F-B017-D2122A524A12}.Release|Any CPU.ActiveCfg = Release|Any CPU
		{324E6D2A-E7C0-416F-B017-D2122A524A12}.Release|Any CPU.Build.0 = Release|Any CPU
	EndGlobalSection
	GlobalSection(SolutionProperties) = preSolution
		HideSolutionNode = FALSE
	EndGlobalSection
	GlobalSection(ExtensibilityGlobals) = postSolution
		SolutionGuid = {AFC89270-EAEA-48D5-AC30-60850BDB48DF}
	EndGlobalSection
EndGlobal
